# This file is automatically @generated by Cargo.
# It is not intended for manual editing.
version = 3

[[package]]
name = "anyhow"
version = "1.0.71"
source = "registry+https://github.com/rust-lang/crates.io-index"
checksum = "9c7d0618f0e0b7e8ff11427422b64564d5fb0be1940354bfe2e0529b18a9d9b8"

[[package]]
name = "ascii"
version = "0.9.3"
source = "registry+https://github.com/rust-lang/crates.io-index"
checksum = "eab1c04a571841102f5345a8fc0f6bb3d31c315dec879b5c6e42e40ce7ffa34e"

[[package]]
name = "bundle_cart_transform"
version = "1.0.0"
dependencies = [
 "graphql_client",
 "serde",
 "serde_json",
 "serde_with",
 "shopify_function 0.3.0",
]

[[package]]
name = "bundles_cart_transform"
version = "1.0.0"
dependencies = [
 "graphql_client",
 "serde",
 "serde_json",
 "serde_with",
 "shopify_function 0.4.0",
]

[[package]]
name = "byteorder"
version = "1.4.3"
source = "registry+https://github.com/rust-lang/crates.io-index"
checksum = "14c189c53d098945499cdfa7ecc63567cf3886b3332b312a5b4585d8d3a6a610"

[[package]]
name = "checkout-cart-checkout-validation-default"
version = "1.0.0"
dependencies = [
 "graphql_client",
 "serde",
 "serde_json",
 "shopify_function 0.4.0",
]

[[package]]
name = "checkout-cart-transform-default"
version = "1.0.0"
dependencies = [
 "graphql_client",
 "serde",
 "serde_json",
 "serde_with",
 "shopify_function 0.4.0",
]

[[package]]
name = "checkout-delivery-customization-default"
version = "1.0.0"
dependencies = [
 "graphql_client",
 "serde",
 "serde_json",
 "shopify_function 0.4.0",
]

[[package]]
name = "checkout-order-submission-rule-default"
version = "1.0.0"
dependencies = [
 "graphql_client",
 "serde",
 "serde_json",
 "shopify_function 0.4.0",
]

[[package]]
name = "checkout-payment-customization-default"
version = "1.0.0"
dependencies = [
 "graphql_client",
 "serde",
 "serde_json",
 "shopify_function 0.4.0",
]

[[package]]
name = "combine"
version = "3.8.1"
source = "registry+https://github.com/rust-lang/crates.io-index"
checksum = "da3da6baa321ec19e1cc41d31bf599f00c783d0517095cdaf0332e3fe8d20680"
dependencies = [
 "ascii",
 "byteorder",
 "either",
 "memchr",
 "unreachable",
]

[[package]]
name = "convert_case"
version = "0.6.0"
source = "registry+https://github.com/rust-lang/crates.io-index"
checksum = "ec182b0ca2f35d8fc196cf3404988fd8b8c739a4d270ff118a398feb0cbec1ca"
dependencies = [
 "unicode-segmentation",
]

[[package]]
name = "darling"
version = "0.13.4"
source = "registry+https://github.com/rust-lang/crates.io-index"
checksum = "a01d95850c592940db9b8194bc39f4bc0e89dee5c4265e4b1807c34a9aba453c"
dependencies = [
 "darling_core",
 "darling_macro",
]

[[package]]
name = "darling_core"
version = "0.13.4"
source = "registry+https://github.com/rust-lang/crates.io-index"
checksum = "859d65a907b6852c9361e3185c862aae7fafd2887876799fa55f5f99dc40d610"
dependencies = [
 "fnv",
 "ident_case",
 "proc-macro2",
 "quote",
 "strsim",
 "syn 1.0.109",
]

[[package]]
name = "darling_macro"
version = "0.13.4"
source = "registry+https://github.com/rust-lang/crates.io-index"
checksum = "9c972679f83bdf9c42bd905396b6c3588a843a17f0f16dfcfa3e2c5d57441835"
dependencies = [
 "darling_core",
 "quote",
 "syn 1.0.109",
]

[[package]]
name = "delivery-customization-rust"
version = "1.0.0"
dependencies = [
 "graphql_client",
 "serde",
 "serde_json",
 "shopify_function 0.4.0",
]

[[package]]
name = "discounts-order-discounts-default"
version = "1.0.0"
dependencies = [
 "graphql_client",
 "serde",
 "serde_json",
 "shopify_function 0.4.0",
]

[[package]]
name = "discounts-order-discounts-fixed-amount"
version = "1.0.0"
dependencies = [
 "serde",
 "serde_json",
 "serde_with",
]

[[package]]
name = "discounts-product-discounts-default"
version = "1.0.0"
dependencies = [
 "graphql_client",
 "serde",
 "serde_json",
 "shopify_function 0.4.0",
]

[[package]]
name = "discounts-product-discounts-fixed-amount"
version = "1.0.0"
dependencies = [
 "serde",
 "serde_json",
 "serde_with",
]

[[package]]
name = "discounts-shipping-discounts-default"
version = "1.0.0"
dependencies = [
 "graphql_client",
 "serde",
 "serde_json",
 "shopify_function 0.4.0",
]

[[package]]
name = "either"
version = "1.8.1"
source = "registry+https://github.com/rust-lang/crates.io-index"
checksum = "7fcaabb2fef8c910e7f4c7ce9f67a1283a1715879a7c230ca9d6d1ae31f16d91"

[[package]]
name = "fixed-amount"
version = "1.0.0"
dependencies = [
 "serde",
 "serde_json",
 "serde_with",
]

[[package]]
name = "fnv"
version = "1.0.7"
source = "registry+https://github.com/rust-lang/crates.io-index"
checksum = "3f9eec918d3f24069decb9af1554cad7c880e2da24a9afd88aca000531ab82c1"

[[package]]
name = "graphql-introspection-query"
version = "0.2.0"
source = "registry+https://github.com/rust-lang/crates.io-index"
checksum = "7f2a4732cf5140bd6c082434494f785a19cfb566ab07d1382c3671f5812fed6d"
dependencies = [
 "serde",
]

[[package]]
name = "graphql-parser"
version = "0.4.0"
source = "registry+https://github.com/rust-lang/crates.io-index"
checksum = "d2ebc8013b4426d5b81a4364c419a95ed0b404af2b82e2457de52d9348f0e474"
dependencies = [
 "combine",
 "thiserror",
]

[[package]]
name = "graphql_client"
version = "0.13.0"
source = "registry+https://github.com/rust-lang/crates.io-index"
checksum = "09cdf7b487d864c2939b23902291a5041bc4a84418268f25fda1c8d4e15ad8fa"
dependencies = [
 "graphql_query_derive",
 "serde",
 "serde_json",
]

[[package]]
name = "graphql_client_codegen"
version = "0.13.0"
source = "registry+https://github.com/rust-lang/crates.io-index"
checksum = "a40f793251171991c4eb75bd84bc640afa8b68ff6907bc89d3b712a22f700506"
dependencies = [
 "graphql-introspection-query",
 "graphql-parser",
 "heck",
 "lazy_static",
 "proc-macro2",
 "quote",
 "serde",
 "serde_json",
 "syn 1.0.109",
]

[[package]]
name = "graphql_query_derive"
version = "0.13.0"
source = "registry+https://github.com/rust-lang/crates.io-index"
checksum = "00bda454f3d313f909298f626115092d348bc231025699f557b27e248475f48c"
dependencies = [
 "graphql_client_codegen",
 "proc-macro2",
 "syn 1.0.109",
]

[[package]]
name = "heck"
version = "0.4.1"
source = "registry+https://github.com/rust-lang/crates.io-index"
checksum = "95505c38b4572b2d910cecb0281560f54b440a19336cbbcb27bf6ce6adc6f5a8"

[[package]]
name = "ident_case"
version = "1.0.1"
source = "registry+https://github.com/rust-lang/crates.io-index"
checksum = "b9e0384b61958566e926dc50660321d12159025e767c18e043daf26b70104c39"

[[package]]
name = "itoa"
version = "1.0.6"
source = "registry+https://github.com/rust-lang/crates.io-index"
checksum = "453ad9f582a441959e5f0d088b02ce04cfe8d51a8eaf077f12ac6d3e94164ca6"

[[package]]
name = "lazy_static"
version = "1.4.0"
source = "registry+https://github.com/rust-lang/crates.io-index"
checksum = "e2abad23fbc42b3700f2f279844dc832adb2b2eb069b2df918f455c4e18cc646"

[[package]]
name = "memchr"
version = "2.5.0"
source = "registry+https://github.com/rust-lang/crates.io-index"
checksum = "2dffe52ecf27772e601905b7522cb4ef790d2cc203488bbd0e2fe85fcb74566d"

[[package]]
name = "order-routing-fulfillment-constraints-default"
version = "1.0.0"
dependencies = [
 "graphql_client",
 "serde",
 "serde_json",
 "shopify_function 0.4.0",
]

[[package]]
name = "order-routing-local-pickup-delivery-option-generators-default"
version = "1.0.0"
dependencies = [
 "graphql_client",
 "serde",
 "serde_json",
 "shopify_function 0.4.0",
]

[[package]]
name = "order-routing-location-rules-default"
version = "1.0.0"
dependencies = [
 "graphql_client",
 "serde",
 "serde_json",
 "shopify_function 0.4.0",
]

[[package]]
name = "order-routing-rankers-default"
version = "1.0.0"
dependencies = [
 "graphql_client",
 "serde",
 "serde_json",
 "shopify_function 0.4.0",
]

[[package]]
name = "order-submission-rule-rust"
version = "1.0.0"
dependencies = [
 "graphql_client",
 "serde",
 "serde_json",
 "shopify_function 0.4.0",
]

[[package]]
name = "payment-customization"
version = "1.0.0"
dependencies = [
 "graphql_client",
 "serde",
 "serde_json",
 "shopify_function 0.4.0",
]

[[package]]
name = "proc-macro2"
version = "1.0.59"
source = "registry+https://github.com/rust-lang/crates.io-index"
checksum = "6aeca18b86b413c660b781aa319e4e2648a3e6f9eadc9b47e9038e6fe9f3451b"
dependencies = [
 "unicode-ident",
]

[[package]]
name = "product-discount-rust"
version = "1.0.0"
dependencies = [
 "graphql_client",
 "serde",
 "serde_json",
 "shopify_function 0.4.0",
]

[[package]]
name = "quote"
version = "1.0.28"
source = "registry+https://github.com/rust-lang/crates.io-index"
checksum = "1b9ab9c7eadfd8df19006f1cf1a4aed13540ed5cbc047010ece5826e10825488"
dependencies = [
 "proc-macro2",
]

[[package]]
name = "ryu"
version = "1.0.13"
source = "registry+https://github.com/rust-lang/crates.io-index"
checksum = "f91339c0467de62360649f8d3e185ca8de4224ff281f66000de5eb2a77a79041"

[[package]]
name = "serde"
version = "1.0.163"
source = "registry+https://github.com/rust-lang/crates.io-index"
checksum = "2113ab51b87a539ae008b5c6c02dc020ffa39afd2d83cffcb3f4eb2722cebec2"
dependencies = [
 "serde_derive",
]

[[package]]
name = "serde_derive"
version = "1.0.163"
source = "registry+https://github.com/rust-lang/crates.io-index"
checksum = "8c805777e3930c8883389c602315a24224bcc738b63905ef87cd1420353ea93e"
dependencies = [
 "proc-macro2",
 "quote",
 "syn 2.0.18",
]

[[package]]
name = "serde_json"
version = "1.0.96"
source = "registry+https://github.com/rust-lang/crates.io-index"
checksum = "057d394a50403bcac12672b2b18fb387ab6d289d957dab67dd201875391e52f1"
dependencies = [
 "itoa",
 "ryu",
 "serde",
]

[[package]]
name = "serde_with"
version = "1.14.0"
source = "registry+https://github.com/rust-lang/crates.io-index"
checksum = "678b5a069e50bf00ecd22d0cd8ddf7c236f68581b03db652061ed5eb13a312ff"
dependencies = [
 "serde",
 "serde_with_macros",
]

[[package]]
name = "serde_with_macros"
version = "1.5.2"
source = "registry+https://github.com/rust-lang/crates.io-index"
checksum = "e182d6ec6f05393cc0e5ed1bf81ad6db3a8feedf8ee515ecdd369809bcce8082"
dependencies = [
 "darling",
 "proc-macro2",
 "quote",
 "syn 1.0.109",
]

[[package]]
name = "shopify_function"
version = "0.3.0"
source = "registry+https://github.com/rust-lang/crates.io-index"
checksum = "bcc7a71e257c107f3ded8e93626fd0aa8e16c0daecfcd20556930ec28503344d"
dependencies = [
 "anyhow",
 "serde",
 "serde_json",
 "shopify_function_macro 0.3.0",
]

[[package]]
name = "shopify_function"
version = "0.4.0"
source = "registry+https://github.com/rust-lang/crates.io-index"
checksum = "249273a00f7ba7e5a855aa5feae26716179ee4f685c9c664636465d99acaa998"
dependencies = [
 "anyhow",
 "serde",
 "serde_json",
 "shopify_function_macro 0.4.0",
]

[[package]]
name = "shopify_function_macro"
version = "0.3.0"
source = "registry+https://github.com/rust-lang/crates.io-index"
checksum = "08b3f3aa9afdba3a5f9b0066c3fd3d61d15c3230967d0c83a8c2483bc3a18453"
dependencies = [
 "convert_case",
 "proc-macro2",
 "quote",
 "syn 1.0.109",
]

[[package]]
name = "shopify_function_macro"
version = "0.4.0"
source = "registry+https://github.com/rust-lang/crates.io-index"
checksum = "2ff74deb26d6ade7ea3050a37be63ecfbc275a9444a20414592e319b1cd45b7e"
dependencies = [
 "convert_case",
 "proc-macro2",
 "quote",
 "syn 1.0.109",
]

[[package]]
name = "strsim"
version = "0.10.0"
source = "registry+https://github.com/rust-lang/crates.io-index"
checksum = "73473c0e59e6d5812c5dfe2a064a6444949f089e20eec9a2e5506596494e4623"

[[package]]
name = "syn"
version = "1.0.109"
source = "registry+https://github.com/rust-lang/crates.io-index"
checksum = "72b64191b275b66ffe2469e8af2c1cfe3bafa67b529ead792a6d0160888b4237"
dependencies = [
 "proc-macro2",
 "quote",
 "unicode-ident",
]

[[package]]
name = "syn"
version = "2.0.18"
source = "registry+https://github.com/rust-lang/crates.io-index"
checksum = "32d41677bcbe24c20c52e7c70b0d8db04134c5d1066bf98662e2871ad200ea3e"
dependencies = [
 "proc-macro2",
 "quote",
 "unicode-ident",
]

[[package]]
name = "thiserror"
version = "1.0.40"
source = "registry+https://github.com/rust-lang/crates.io-index"
checksum = "978c9a314bd8dc99be594bc3c175faaa9794be04a5a5e153caba6915336cebac"
dependencies = [
 "thiserror-impl",
]

[[package]]
name = "thiserror-impl"
version = "1.0.40"
source = "registry+https://github.com/rust-lang/crates.io-index"
checksum = "f9456a42c5b0d803c8cd86e73dd7cc9edd429499f37a3550d286d5e86720569f"
dependencies = [
 "proc-macro2",
 "quote",
 "syn 2.0.18",
]

[[package]]
name = "unicode-ident"
version = "1.0.9"
source = "registry+https://github.com/rust-lang/crates.io-index"
checksum = "b15811caf2415fb889178633e7724bad2509101cde276048e013b9def5e51fa0"

[[package]]
name = "unicode-segmentation"
version = "1.10.1"
source = "registry+https://github.com/rust-lang/crates.io-index"
checksum = "1dd624098567895118886609431a7c3b8f516e41d30e0643f03d94592a147e36"

[[package]]
name = "unreachable"
version = "1.0.0"
source = "registry+https://github.com/rust-lang/crates.io-index"
checksum = "382810877fe448991dfc7f0dd6e3ae5d58088fd0ea5e35189655f84e6814fa56"
dependencies = [
 "void",
]

[[package]]
name = "void"
version = "1.0.2"
source = "registry+https://github.com/rust-lang/crates.io-index"
checksum = "6a02e4885ed3bc0f2de90ea6dd45ebcbb66dacffe03547fadbb0eeae2770887d"
